{
  "version": 4,
  "terraform_version": "1.1.2",
  "serial": 22,
  "lineage": "df96885d-6d32-1493-d6b5-98c4bc03609a",
  "outputs": {},
  "resources": [
    {
      "mode": "managed",
      "type": "github_branch",
      "name": "main",
      "provider": "provider[\"registry.terraform.io/integrations/github\"]",
      "instances": [
        {
          "schema_version": 0,
          "attributes": {
            "branch": "main",
            "etag": "W/\"5a43c5aca6521dd91e9aee62406dcc28d64fef1da9b7e30f548de29de0e20661\"",
            "id": "architecture-documentation:main",
            "ref": "refs/heads/main",
            "repository": "architecture-documentation",
            "sha": "6cd2336f89af0700755e91c7cdbbe350bb7b486a",
            "source_branch": "main",
            "source_sha": null
          },
          "sensitive_attributes": [],
          "private": "eyJzY2hlbWFfdmVyc2lvbiI6IjAifQ==",
          "dependencies": [
            "github_repository.architecture-documentation"
          ]
        }
      ]
    },
    {
      "mode": "managed",
      "type": "github_branch",
      "name": "release",
      "provider": "provider[\"registry.terraform.io/integrations/github\"]",
      "instances": [
        {
          "schema_version": 0,
          "attributes": {
            "branch": "release",
            "etag": "W/\"51132dbbb4c17f30f2e5373a8e047c548ef9c10a19dd252dee53f29c0414046a\"",
            "id": "architecture-documentation:release",
            "ref": "refs/heads/release",
            "repository": "architecture-documentation",
            "sha": "6cd2336f89af0700755e91c7cdbbe350bb7b486a",
            "source_branch": "main",
            "source_sha": "6cd2336f89af0700755e91c7cdbbe350bb7b486a"
          },
          "sensitive_attributes": [],
          "private": "bnVsbA==",
          "dependencies": [
            "github_repository.architecture-documentation"
          ]
        }
      ]
    },
    {
      "mode": "managed",
      "type": "github_branch_default",
      "name": "default",
      "provider": "provider[\"registry.terraform.io/integrations/github\"]",
      "instances": [
        {
          "schema_version": 0,
          "attributes": {
            "branch": "main",
            "id": "architecture-documentation",
            "repository": "architecture-documentation"
          },
          "sensitive_attributes": [],
          "private": "bnVsbA==",
          "dependencies": [
            "github_branch.main",
            "github_repository.architecture-documentation"
          ]
        }
      ]
    },
    {
      "mode": "managed",
      "type": "github_branch_protection",
      "name": "protect_main",
      "provider": "provider[\"registry.terraform.io/integrations/github\"]",
      "instances": [
        {
          "schema_version": 1,
          "attributes": {
            "allows_deletions": false,
            "allows_force_pushes": false,
            "enforce_admins": false,
            "id": "BPR_kwDOGo3L-c4BaRgB",
            "pattern": "main",
            "push_restrictions": [],
            "repository_id": "architecture-documentation",
            "require_conversation_resolution": false,
            "require_signed_commits": false,
            "required_linear_history": false,
            "required_pull_request_reviews": [],
            "required_status_checks": []
          },
          "sensitive_attributes": [],
          "private": "eyJzY2hlbWFfdmVyc2lvbiI6IjEifQ==",
          "dependencies": [
            "github_repository.architecture-documentation",
            "github_branch.main"
          ]
        }
      ]
    },
    {
      "mode": "managed",
      "type": "github_branch_protection",
      "name": "protect_release",
      "provider": "provider[\"registry.terraform.io/integrations/github\"]",
      "instances": [
        {
          "schema_version": 1,
          "attributes": {
            "allows_deletions": false,
            "allows_force_pushes": false,
            "enforce_admins": false,
            "id": "BPR_kwDOGo3L-c4BaRgQ",
            "pattern": "release",
            "push_restrictions": null,
            "repository_id": "architecture-documentation",
            "require_conversation_resolution": false,
            "require_signed_commits": false,
            "required_linear_history": false,
            "required_pull_request_reviews": [],
            "required_status_checks": []
          },
          "sensitive_attributes": [],
          "private": "eyJzY2hlbWFfdmVyc2lvbiI6IjEifQ==",
          "dependencies": [
            "github_branch.release",
            "github_repository.architecture-documentation"
          ]
        }
      ]
    },
    {
      "mode": "managed",
      "type": "github_repository",
      "name": "architecture-documentation",
      "provider": "provider[\"registry.terraform.io/integrations/github\"]",
      "instances": [
        {
          "schema_version": 0,
          "attributes": {
            "allow_auto_merge": false,
            "allow_merge_commit": true,
            "allow_rebase_merge": true,
            "allow_squash_merge": true,
            "archive_on_destroy": null,
            "archived": false,
            "auto_init": true,
            "branches": [
              {
                "name": "main",
                "protected": false
              }
            ],
            "default_branch": "main",
            "delete_branch_on_merge": false,
            "description": "Software Architecture Documentation",
            "etag": "W/\"1c451963b0cf75bc9766f9775a72b8bcab240750b04a1bdc2e108fc41ac1876a\"",
            "full_name": "BraeWebb/architecture-documentation",
            "git_clone_url": "git://github.com/BraeWebb/architecture-documentation.git",
            "gitignore_template": null,
            "has_downloads": false,
            "has_issues": true,
            "has_projects": false,
            "has_wiki": false,
            "homepage_url": "",
            "html_url": "https://github.com/BraeWebb/architecture-documentation",
            "http_clone_url": "https://github.com/BraeWebb/architecture-documentation.git",
            "id": "architecture-documentation",
            "is_template": false,
            "license_template": null,
            "name": "architecture-documentation",
            "node_id": "R_kgDOGo3L-Q",
            "pages": [],
            "private": true,
            "repo_id": 445500409,
            "ssh_clone_url": "git@github.com:BraeWebb/architecture-documentation.git",
            "svn_url": "https://github.com/BraeWebb/architecture-documentation",
            "template": [],
            "topics": [],
            "visibility": "private",
            "vulnerability_alerts": false
          },
          "sensitive_attributes": [],
          "private": "bnVsbA=="
        }
      ]
    },
    {
      "mode": "managed",
      "type": "github_repository_collaborator",
      "name": "richo",
      "provider": "provider[\"registry.terraform.io/integrations/github\"]",
      "instances": [
        {
          "schema_version": 0,
          "attributes": {
            "id": "architecture-documentation:applebyter",
            "invitation_id": "80167723",
            "permission": "admin",
            "permission_diff_suppression": false,
            "repository": "architecture-documentation",
            "username": "applebyter"
          },
          "sensitive_attributes": [],
          "private": "bnVsbA==",
          "dependencies": [
            "github_repository.architecture-documentation"
          ]
        }
      ]
    },
    {
      "module": "module.student-access[\"s4435400\"]",
      "mode": "managed",
      "type": "github_repository_file",
      "name": "folder",
      "provider": "provider[\"registry.terraform.io/hashicorp/github\"]",
      "instances": [
        {
          "index_key": 0,
          "schema_version": 0,
          "attributes": {
            "branch": "main",
            "commit_author": "Brae Webb",
            "commit_email": "b.webb@uq.edu.au",
            "commit_message": "Provision repository for s4435400",
            "commit_sha": "6cd2336f89af0700755e91c7cdbbe350bb7b486a",
            "content": "# Owned by BraeWebb",
            "file": "s4435400/s4435400.meta",
            "id": "architecture-documentation/s4435400/s4435400.meta",
            "overwrite_on_create": true,
            "repository": "architecture-documentation",
            "sha": "185873364fdaa76ee0b6fb75f3955975061e7b13"
          },
          "sensitive_attributes": [],
          "private": "bnVsbA==",
          "dependencies": [
            "github_repository.architecture-documentation"
          ]
        }
      ]
    }
  ]
}
